<?xml version="1.0" encoding="utf-8"?>
<Project ToolsVersion="4.0" xmlns="http://schemas.microsoft.com/developer/msbuild/2003">
  <ItemGroup>
    <Filter Include="Source Files">
      <UniqueIdentifier>{4FC737F1-C7A5-4376-A066-2A32D752A2FF}</UniqueIdentifier>
      <Extensions>cpp;c;cc;cxx;c++;cppm;ixx;def;odl;idl;hpj;bat;asm;asmx</Extensions>
    </Filter>
    <Filter Include="PE_format">
      <UniqueIdentifier>{d56c5fca-515a-438e-9549-e88ec0326f85}</UniqueIdentifier>
    </Filter>
    <Filter Include="shellcode">
      <UniqueIdentifier>{b3e5d9e7-e7b9-46b1-9f39-e7da7dcd3f2d}</UniqueIdentifier>
    </Filter>
    <Filter Include="file_system">
      <UniqueIdentifier>{8cb8c85c-cbf5-4f92-8018-5de6725deeb3}</UniqueIdentifier>
    </Filter>
  </ItemGroup>
  <ItemGroup>
    <ClCompile Include="infect_main.c">
      <Filter>Source Files</Filter>
    </ClCompile>
    <ClCompile Include="exe.c">
      <Filter>PE_format</Filter>
    </ClCompile>
    <ClCompile Include="shellcode_functions.c">
      <Filter>shellcode</Filter>
    </ClCompile>
    <ClCompile Include="file_system.c">
      <Filter>file_system</Filter>
    </ClCompile>
  </ItemGroup>
  <ItemGroup>
    <ClInclude Include="exe.h">
      <Filter>PE_format</Filter>
    </ClInclude>
    <ClInclude Include="shellcode_functions.h">
      <Filter>shellcode</Filter>
    </ClInclude>
    <ClInclude Include="file_system.h">
      <Filter>file_system</Filter>
    </ClInclude>
  </ItemGroup>
</Project>